
Microsoft Visual Studio Solution File, Format Version 12.00
# Visual Studio Version 17
VisualStudioVersion = 17.11.35312.102
MinimumVisualStudioVersion = 10.0.40219.1
Project("{9A19103F-16F7-4668-BE54-9A1E7A4F7556}") = "Api", "Api\Api.csproj", "{7C92B32A-81C1-4288-ADEF-F7ED8128D363}"
EndProject
Project("{9A19103F-16F7-4668-BE54-9A1E7A4F7556}") = "Identity", "Identity\Identity.csproj", "{1A4CA7CE-D748-4E44-A765-B34A05538252}"
EndProject
Project("{9A19103F-16F7-4668-BE54-9A1E7A4F7556}") = "Application", "Application\Application.csproj", "{74E8DDB2-C809-4D18-BFCB-67FDAD7728ED}"
EndProject
Project("{9A19103F-16F7-4668-BE54-9A1E7A4F7556}") = "Domain", "Domain\Domain.csproj", "{A52529E8-5135-4ADF-B973-EE3918262AD6}"
EndProject
Project("{9A19103F-16F7-4668-BE54-9A1E7A4F7556}") = "Infrastructure", "Infrastructure\Infrastructure.csproj", "{3823C0A5-1870-4173-B2C9-48ECE4A80A97}"
EndProject
Project("{2150E333-8FDC-42A3-9474-1A3956D46DE8}") = "src", "src", "{318E2276-AF92-4F3E-8792-4EE6AF33585C}"
EndProject
Global
	GlobalSection(SolutionConfigurationPlatforms) = preSolution
		Debug|Any CPU = Debug|Any CPU
		Release|Any CPU = Release|Any CPU
	EndGlobalSection
	GlobalSection(ProjectConfigurationPlatforms) = postSolution
		{7C92B32A-81C1-4288-ADEF-F7ED8128D363}.Debug|Any CPU.ActiveCfg = Debug|Any CPU
		{7C92B32A-81C1-4288-ADEF-F7ED8128D363}.Debug|Any CPU.Build.0 = Debug|Any CPU
		{7C92B32A-81C1-4288-ADEF-F7ED8128D363}.Release|Any CPU.ActiveCfg = Release|Any CPU
		{7C92B32A-81C1-4288-ADEF-F7ED8128D363}.Release|Any CPU.Build.0 = Release|Any CPU
		{1A4CA7CE-D748-4E44-A765-B34A05538252}.Debug|Any CPU.ActiveCfg = Debug|Any CPU
		{1A4CA7CE-D748-4E44-A765-B34A05538252}.Debug|Any CPU.Build.0 = Debug|Any CPU
		{1A4CA7CE-D748-4E44-A765-B34A05538252}.Release|Any CPU.ActiveCfg = Release|Any CPU
		{1A4CA7CE-D748-4E44-A765-B34A05538252}.Release|Any CPU.Build.0 = Release|Any CPU
		{74E8DDB2-C809-4D18-BFCB-67FDAD7728ED}.Debug|Any CPU.ActiveCfg = Debug|Any CPU
		{74E8DDB2-C809-4D18-BFCB-67FDAD7728ED}.Debug|Any CPU.Build.0 = Debug|Any CPU
		{74E8DDB2-C809-4D18-BFCB-67FDAD7728ED}.Release|Any CPU.ActiveCfg = Release|Any CPU
		{74E8DDB2-C809-4D18-BFCB-67FDAD7728ED}.Release|Any CPU.Build.0 = Release|Any CPU
		{A52529E8-5135-4ADF-B973-EE3918262AD6}.Debug|Any CPU.ActiveCfg = Debug|Any CPU
		{A52529E8-5135-4ADF-B973-EE3918262AD6}.Debug|Any CPU.Build.0 = Debug|Any CPU
		{A52529E8-5135-4ADF-B973-EE3918262AD6}.Release|Any CPU.ActiveCfg = Release|Any CPU
		{A52529E8-5135-4ADF-B973-EE3918262AD6}.Release|Any CPU.Build.0 = Release|Any CPU
		{3823C0A5-1870-4173-B2C9-48ECE4A80A97}.Debug|Any CPU.ActiveCfg = Debug|Any CPU
		{3823C0A5-1870-4173-B2C9-48ECE4A80A97}.Debug|Any CPU.Build.0 = Debug|Any CPU
		{3823C0A5-1870-4173-B2C9-48ECE4A80A97}.Release|Any CPU.ActiveCfg = Release|Any CPU
		{3823C0A5-1870-4173-B2C9-48ECE4A80A97}.Release|Any CPU.Build.0 = Release|Any CPU
	EndGlobalSection
	GlobalSection(SolutionProperties) = preSolution
		HideSolutionNode = FALSE
	EndGlobalSection
	GlobalSection(NestedProjects) = preSolution
		{7C92B32A-81C1-4288-ADEF-F7ED8128D363} = {318E2276-AF92-4F3E-8792-4EE6AF33585C}
		{74E8DDB2-C809-4D18-BFCB-67FDAD7728ED} = {318E2276-AF92-4F3E-8792-4EE6AF33585C}
		{A52529E8-5135-4ADF-B973-EE3918262AD6} = {318E2276-AF92-4F3E-8792-4EE6AF33585C}
		{1A4CA7CE-D748-4E44-A765-B34A05538252} = {318E2276-AF92-4F3E-8792-4EE6AF33585C}
		{3823C0A5-1870-4173-B2C9-48ECE4A80A97} = {318E2276-AF92-4F3E-8792-4EE6AF33585C}
	EndGlobalSection
EndGlobal
