
Microsoft Visual Studio Solution File, Format Version 12.00
# Visual Studio Version 17
VisualStudioVersion = 17.11.35312.102
MinimumVisualStudioVersion = 10.0.40219.1
Project("{9A19103F-16F7-4668-BE54-9A1E7A4F7556}") = "Api", "Api\Api.csproj", "{7C92B32A-81C1-4288-ADEF-F7ED8128D363}"
EndProject
Project("{9A19103F-16F7-4668-BE54-9A1E7A4F7556}") = "Identity", "Identity\Identity.csproj", "{1A4CA7CE-D748-4E44-A765-B34A05538252}"
EndProject
Global
	GlobalSection(SolutionConfigurationPlatforms) = preSolution
		Debug|Any CPU = Debug|Any CPU
		Release|Any CPU = Release|Any CPU
	EndGlobalSection
	GlobalSection(ProjectConfigurationPlatforms) = postSolution
		{7C92B32A-81C1-4288-ADEF-F7ED8128D363}.Debug|Any CPU.ActiveCfg = Debug|Any CPU
		{7C92B32A-81C1-4288-ADEF-F7ED8128D363}.Debug|Any CPU.Build.0 = Debug|Any CPU
		{7C92B32A-81C1-4288-ADEF-F7ED8128D363}.Release|Any CPU.ActiveCfg = Release|Any CPU
		{7C92B32A-81C1-4288-ADEF-F7ED8128D363}.Release|Any CPU.Build.0 = Release|Any CPU
		{1A4CA7CE-D748-4E44-A765-B34A05538252}.Debug|Any CPU.ActiveCfg = Debug|Any CPU
		{1A4CA7CE-D748-4E44-A765-B34A05538252}.Debug|Any CPU.Build.0 = Debug|Any CPU
		{1A4CA7CE-D748-4E44-A765-B34A05538252}.Release|Any CPU.ActiveCfg = Release|Any CPU
		{1A4CA7CE-D748-4E44-A765-B34A05538252}.Release|Any CPU.Build.0 = Release|Any CPU
	EndGlobalSection
	GlobalSection(SolutionProperties) = preSolution
		HideSolutionNode = FALSE
	EndGlobalSection
EndGlobal
