
Microsoft Visual Studio Solution File, Format Version 12.00
Project("{FAE04EC0-301F-11D3-BF4B-00C04F79EFBC}") = "Application", "Application\Application.csproj", "{02E3366D-40AF-4884-A33A-0F8ECF862E97}"
EndProject
Project("{FAE04EC0-301F-11D3-BF4B-00C04F79EFBC}") = "Domain", "Domain\Domain.csproj", "{AD268853-5D09-4EC4-B1B6-3B4D15B1AF03}"
EndProject
Project("{FAE04EC0-301F-11D3-BF4B-00C04F79EFBC}") = "Infrastructure", "Infrastructure\Infrastructure.csproj", "{3605F1CA-53F7-4844-B98D-7AD4130F78A9}"
EndProject
Project("{FAE04EC0-301F-11D3-BF4B-00C04F79EFBC}") = "Api", "Api\Api.csproj", "{7C92B32A-81C1-4288-ADEF-F7ED8128D363}"
EndProject
Project("{FAE04EC0-301F-11D3-BF4B-00C04F79EFBC}") = "Identity", "Identity\Identity.csproj", "{1A4CA7CE-D748-4E44-A765-B34A05538252}"
EndProject
Global
	GlobalSection(SolutionConfigurationPlatforms) = preSolution
		Debug|Any CPU = Debug|Any CPU
		Release|Any CPU = Release|Any CPU
	EndGlobalSection
	GlobalSection(ProjectConfigurationPlatforms) = postSolution
		{02E3366D-40AF-4884-A33A-0F8ECF862E97}.Debug|Any CPU.ActiveCfg = Debug|Any CPU
		{02E3366D-40AF-4884-A33A-0F8ECF862E97}.Debug|Any CPU.Build.0 = Debug|Any CPU
		{02E3366D-40AF-4884-A33A-0F8ECF862E97}.Release|Any CPU.ActiveCfg = Release|Any CPU
		{02E3366D-40AF-4884-A33A-0F8ECF862E97}.Release|Any CPU.Build.0 = Release|Any CPU
		{AD268853-5D09-4EC4-B1B6-3B4D15B1AF03}.Debug|Any CPU.ActiveCfg = Debug|Any CPU
		{AD268853-5D09-4EC4-B1B6-3B4D15B1AF03}.Debug|Any CPU.Build.0 = Debug|Any CPU
		{AD268853-5D09-4EC4-B1B6-3B4D15B1AF03}.Release|Any CPU.ActiveCfg = Release|Any CPU
		{AD268853-5D09-4EC4-B1B6-3B4D15B1AF03}.Release|Any CPU.Build.0 = Release|Any CPU
		{3605F1CA-53F7-4844-B98D-7AD4130F78A9}.Debug|Any CPU.ActiveCfg = Debug|Any CPU
		{3605F1CA-53F7-4844-B98D-7AD4130F78A9}.Debug|Any CPU.Build.0 = Debug|Any CPU
		{3605F1CA-53F7-4844-B98D-7AD4130F78A9}.Release|Any CPU.ActiveCfg = Release|Any CPU
		{3605F1CA-53F7-4844-B98D-7AD4130F78A9}.Release|Any CPU.Build.0 = Release|Any CPU
		{7C92B32A-81C1-4288-ADEF-F7ED8128D363}.Debug|Any CPU.ActiveCfg = Debug|Any CPU
		{7C92B32A-81C1-4288-ADEF-F7ED8128D363}.Debug|Any CPU.Build.0 = Debug|Any CPU
		{7C92B32A-81C1-4288-ADEF-F7ED8128D363}.Release|Any CPU.ActiveCfg = Release|Any CPU
		{7C92B32A-81C1-4288-ADEF-F7ED8128D363}.Release|Any CPU.Build.0 = Release|Any CPU
		{1A4CA7CE-D748-4E44-A765-B34A05538252}.Debug|Any CPU.ActiveCfg = Debug|Any CPU
		{1A4CA7CE-D748-4E44-A765-B34A05538252}.Debug|Any CPU.Build.0 = Debug|Any CPU
		{1A4CA7CE-D748-4E44-A765-B34A05538252}.Release|Any CPU.ActiveCfg = Release|Any CPU
		{1A4CA7CE-D748-4E44-A765-B34A05538252}.Release|Any CPU.Build.0 = Release|Any CPU
	EndGlobalSection
EndGlobal
